// !$*UTF8*$!
{
	archiveVersion = 1;
	classes = {
	};
	objectVersion = 46;
	objects = {

/* Begin PBXBuildFile section */
		608892A21D24E9BF0096132B /* main.m in Sources */ = {isa = PBXBuildFile; fileRef = 608892A11D24E9BF0096132B /* main.m */; };
		608892A51D24E9BF0096132B /* AppDelegate.m in Sources */ = {isa = PBXBuildFile; fileRef = 608892A41D24E9BF0096132B /* AppDelegate.m */; };
		608892A81D24E9BF0096132B /* ViewController.m in Sources */ = {isa = PBXBuildFile; fileRef = 608892A71D24E9BF0096132B /* ViewController.m */; };
		608892AB1D24E9BF0096132B /* Main.storyboard in Resources */ = {isa = PBXBuildFile; fileRef = 608892A91D24E9BF0096132B /* Main.storyboard */; };
		608892AD1D24E9BF0096132B /* Assets.xcassets in Resources */ = {isa = PBXBuildFile; fileRef = 608892AC1D24E9BF0096132B /* Assets.xcassets */; };
		608892B01D24E9BF0096132B /* LaunchScreen.storyboard in Resources */ = {isa = PBXBuildFile; fileRef = 608892AE1D24E9BF0096132B /* LaunchScreen.storyboard */; };
		608892BB1D24E9BF0096132B /* JRAlertViewTests.m in Sources */ = {isa = PBXBuildFile; fileRef = 608892BA1D24E9BF0096132B /* JRAlertViewTests.m */; };
		608892C61D24E9BF0096132B /* JRAlertViewUITests.m in Sources */ = {isa = PBXBuildFile; fileRef = 608892C51D24E9BF0096132B /* JRAlertViewUITests.m */; };
		608892D61D24EA550096132B /* UIAlertView+JRBlockWork.m in Sources */ = {isa = PBXBuildFile; fileRef = 608892D51D24EA550096132B /* UIAlertView+JRBlockWork.m */; };
/* End PBXBuildFile section */

/* Begin PBXContainerItemProxy section */
		608892B71D24E9BF0096132B /* PBXContainerItemProxy */ = {
			isa = PBXContainerItemProxy;
			containerPortal = 608892951D24E9BE0096132B /* Project object */;
			proxyType = 1;
			remoteGlobalIDString = 6088929C1D24E9BE0096132B;
			remoteInfo = JRAlertView;
		};
		608892C21D24E9BF0096132B /* PBXContainerItemProxy */ = {
			isa = PBXContainerItemProxy;
			containerPortal = 608892951D24E9BE0096132B /* Project object */;
			proxyType = 1;
			remoteGlobalIDString = 6088929C1D24E9BE0096132B;
			remoteInfo = JRAlertView;
		};
/* End PBXContainerItemProxy section */

/* Begin PBXFileReference section */
		6088929D1D24E9BE0096132B /* JRAlertView.app */ = {isa = PBXFileReference; explicitFileType = wrapper.application; includeInIndex = 0; path = JRAlertView.app; sourceTree = BUILT_PRODUCTS_DIR; };
		608892A11D24E9BF0096132B /* main.m */ = {isa = PBXFileReference; lastKnownFileType = sourcecode.c.objc; path = main.m; sourceTree = "<group>"; };
		608892A31D24E9BF0096132B /* AppDelegate.h */ = {isa = PBXFileReference; lastKnownFileType = sourcecode.c.h; path = AppDelegate.h; sourceTree = "<group>"; };
		608892A41D24E9BF0096132B /* AppDelegate.m */ = {isa = PBXFileReference; lastKnownFileType = sourcecode.c.objc; path = AppDelegate.m; sourceTree = "<group>"; };
		608892A61D24E9BF0096132B /* ViewController.h */ = {isa = PBXFileReference; lastKnownFileType = sourcecode.c.h; path = ViewController.h; sourceTree = "<group>"; };
		608892A71D24E9BF0096132B /* ViewController.m */ = {isa = PBXFileReference; lastKnownFileType = sourcecode.c.objc; path = ViewController.m; sourceTree = "<group>"; };
		608892AA1D24E9BF0096132B /* Base */ = {isa = PBXFileReference; lastKnownFileType = file.storyboard; name = Base; path = Base.lproj/Main.storyboard; sourceTree = "<group>"; };
		608892AC1D24E9BF0096132B /* Assets.xcassets */ = {isa = PBXFileReference; lastKnownFileType = folder.assetcatalog; path = Assets.xcassets; sourceTree = "<group>"; };
		608892AF1D24E9BF0096132B /* Base */ = {isa = PBXFileReference; lastKnownFileType = file.storyboard; name = Base; path = Base.lproj/LaunchScreen.storyboard; sourceTree = "<group>"; };
		608892B11D24E9BF0096132B /* Info.plist */ = {isa = PBXFileReference; lastKnownFileType = text.plist.xml; path = Info.plist; sourceTree = "<group>"; };
		608892B61D24E9BF0096132B /* JRAlertViewTests.xctest */ = {isa = PBXFileReference; explicitFileType = wrapper.cfbundle; includeInIndex = 0; path = JRAlertViewTests.xctest; sourceTree = BUILT_PRODUCTS_DIR; };
		608892BA1D24E9BF0096132B /* JRAlertViewTests.m */ = {isa = PBXFileReference; lastKnownFileType = sourcecode.c.objc; path = JRAlertViewTests.m; sourceTree = "<group>"; };
		608892BC1D24E9BF0096132B /* Info.plist */ = {isa = PBXFileReference; lastKnownFileType = text.plist.xml; path = Info.plist; sourceTree = "<group>"; };
		608892C11D24E9BF0096132B /* JRAlertViewUITests.xctest */ = {isa = PBXFileReference; explicitFileType = wrapper.cfbundle; includeInIndex = 0; path = JRAlertViewUITests.xctest; sourceTree = BUILT_PRODUCTS_DIR; };
		608892C51D24E9BF0096132B /* JRAlertViewUITests.m */ = {isa = PBXFileReference; lastKnownFileType = sourcecode.c.objc; path = JRAlertViewUITests.m; sourceTree = "<group>"; };
		608892C71D24E9BF0096132B /* Info.plist */ = {isa = PBXFileReference; lastKnownFileType = text.plist.xml; path = Info.plist; sourceTree = "<group>"; };
		608892D41D24EA550096132B /* UIAlertView+JRBlockWork.h */ = {isa = PBXFileReference; fileEncoding = 4; lastKnownFileType = sourcecode.c.h; path = "UIAlertView+JRBlockWork.h"; sourceTree = "<group>"; };
		608892D51D24EA550096132B /* UIAlertView+JRBlockWork.m */ = {isa = PBXFileReference; fileEncoding = 4; lastKnownFileType = sourcecode.c.objc; path = "UIAlertView+JRBlockWork.m"; sourceTree = "<group>"; };
		608892D71D24EAD10096132B /* JRBaseBlockWork.h */ = {isa = PBXFileReference; fileEncoding = 4; lastKnownFileType = sourcecode.c.h; path = JRBaseBlockWork.h; sourceTree = "<group>"; };
/* End PBXFileReference section */

/* Begin PBXFrameworksBuildPhase section */
		6088929A1D24E9BE0096132B /* Frameworks */ = {
			isa = PBXFrameworksBuildPhase;
			buildActionMask = 2147483647;
			files = (
			);
			runOnlyForDeploymentPostprocessing = 0;
		};
		608892B31D24E9BF0096132B /* Frameworks */ = {
			isa = PBXFrameworksBuildPhase;
			buildActionMask = 2147483647;
			files = (
			);
			runOnlyForDeploymentPostprocessing = 0;
		};
		608892BE1D24E9BF0096132B /* Frameworks */ = {
			isa = PBXFrameworksBuildPhase;
			buildActionMask = 2147483647;
			files = (
			);
			runOnlyForDeploymentPostprocessing = 0;
		};
/* End PBXFrameworksBuildPhase section */

/* Begin PBXGroup section */
		608892941D24E9BE0096132B = {
			isa = PBXGroup;
			children = (
				6088929F1D24E9BF0096132B /* JRAlertView */,
				608892B91D24E9BF0096132B /* JRAlertViewTests */,
				608892C41D24E9BF0096132B /* JRAlertViewUITests */,
				6088929E1D24E9BE0096132B /* Products */,
			);
			sourceTree = "<group>";
		};
		6088929E1D24E9BE0096132B /* Products */ = {
			isa = PBXGroup;
			children = (
				6088929D1D24E9BE0096132B /* JRAlertView.app */,
				608892B61D24E9BF0096132B /* JRAlertViewTests.xctest */,
				608892C11D24E9BF0096132B /* JRAlertViewUITests.xctest */,
			);
			name = Products;
			sourceTree = "<group>";
		};
		6088929F1D24E9BF0096132B /* JRAlertView */ = {
			isa = PBXGroup;
			children = (
				608892D31D24EA0F0096132B /* JRAlertView */,
				608892A31D24E9BF0096132B /* AppDelegate.h */,
				608892A41D24E9BF0096132B /* AppDelegate.m */,
				608892A61D24E9BF0096132B /* ViewController.h */,
				608892A71D24E9BF0096132B /* ViewController.m */,
				608892A91D24E9BF0096132B /* Main.storyboard */,
				608892AC1D24E9BF0096132B /* Assets.xcassets */,
				608892AE1D24E9BF0096132B /* LaunchScreen.storyboard */,
				608892B11D24E9BF0096132B /* Info.plist */,
				608892A01D24E9BF0096132B /* Supporting Files */,
			);
			path = JRAlertView;
			sourceTree = "<group>";
		};
		608892A01D24E9BF0096132B /* Supporting Files */ = {
			isa = PBXGroup;
			children = (
				608892A11D24E9BF0096132B /* main.m */,
			);
			name = "Supporting Files";
			sourceTree = "<group>";
		};
		608892B91D24E9BF0096132B /* JRAlertViewTests */ = {
			isa = PBXGroup;
			children = (
				608892BA1D24E9BF0096132B /* JRAlertViewTests.m */,
				608892BC1D24E9BF0096132B /* Info.plist */,
			);
			path = JRAlertViewTests;
			sourceTree = "<group>";
		};
		608892C41D24E9BF0096132B /* JRAlertViewUITests */ = {
			isa = PBXGroup;
			children = (
				608892C51D24E9BF0096132B /* JRAlertViewUITests.m */,
				608892C71D24E9BF0096132B /* Info.plist */,
			);
			path = JRAlertViewUITests;
			sourceTree = "<group>";
		};
		608892D31D24EA0F0096132B /* JRAlertView */ = {
			isa = PBXGroup;
			children = (
				608892D71D24EAD10096132B /* JRBaseBlockWork.h */,
				608892D41D24EA550096132B /* UIAlertView+JRBlockWork.h */,
				608892D51D24EA550096132B /* UIAlertView+JRBlockWork.m */,
			);
			name = JRAlertView;
			sourceTree = "<group>";
		};
/* End PBXGroup section */

/* Begin PBXNativeTarget section */
		6088929C1D24E9BE0096132B /* JRAlertView */ = {
			isa = PBXNativeTarget;
			buildConfigurationList = 608892CA1D24E9BF0096132B /* Build configuration list for PBXNativeTarget "JRAlertView" */;
			buildPhases = (
				608892991D24E9BE0096132B /* Sources */,
				6088929A1D24E9BE0096132B /* Frameworks */,
				6088929B1D24E9BE0096132B /* Resources */,
			);
			buildRules = (
			);
			dependencies = (
			);
			name = JRAlertView;
			productName = JRAlertView;
			productReference = 6088929D1D24E9BE0096132B /* JRAlertView.app */;
			productType = "com.apple.product-type.application";
		};
		608892B51D24E9BF0096132B /* JRAlertViewTests */ = {
			isa = PBXNativeTarget;
			buildConfigurationList = 608892CD1D24E9BF0096132B /* Build configuration list for PBXNativeTarget "JRAlertViewTests" */;
			buildPhases = (
				608892B21D24E9BF0096132B /* Sources */,
				608892B31D24E9BF0096132B /* Frameworks */,
				608892B41D24E9BF0096132B /* Resources */,
			);
			buildRules = (
			);
			dependencies = (
				608892B81D24E9BF0096132B /* PBXTargetDependency */,
			);
			name = JRAlertViewTests;
			productName = JRAlertViewTests;
			productReference = 608892B61D24E9BF0096132B /* JRAlertViewTests.xctest */;
			productType = "com.apple.product-type.bundle.unit-test";
		};
		608892C01D24E9BF0096132B /* JRAlertViewUITests */ = {
			isa = PBXNativeTarget;
			buildConfigurationList = 608892D01D24E9BF0096132B /* Build configuration list for PBXNativeTarget "JRAlertViewUITests" */;
			buildPhases = (
				608892BD1D24E9BF0096132B /* Sources */,
				608892BE1D24E9BF0096132B /* Frameworks */,
				608892BF1D24E9BF0096132B /* Resources */,
			);
			buildRules = (
			);
			dependencies = (
				608892C31D24E9BF0096132B /* PBXTargetDependency */,
			);
			name = JRAlertViewUITests;
			productName = JRAlertViewUITests;
			productReference = 608892C11D24E9BF0096132B /* JRAlertViewUITests.xctest */;
			productType = "com.apple.product-type.bundle.ui-testing";
		};
/* End PBXNativeTarget section */

/* Begin PBXProject section */
		608892951D24E9BE0096132B /* Project object */ = {
			isa = PBXProject;
			attributes = {
				LastUpgradeCheck = 0730;
				ORGANIZATIONNAME = caijunrong;
				TargetAttributes = {
					6088929C1D24E9BE0096132B = {
						CreatedOnToolsVersion = 7.3.1;
					};
					608892B51D24E9BF0096132B = {
						CreatedOnToolsVersion = 7.3.1;
						TestTargetID = 6088929C1D24E9BE0096132B;
					};
					608892C01D24E9BF0096132B = {
						CreatedOnToolsVersion = 7.3.1;
						TestTargetID = 6088929C1D24E9BE0096132B;
					};
				};
			};
			buildConfigurationList = 608892981D24E9BE0096132B /* Build configuration list for PBXProject "JRAlertView" */;
			compatibilityVersion = "Xcode 3.2";
			developmentRegion = English;
			hasScannedForEncodings = 0;
			knownRegions = (
				en,
				Base,
			);
			mainGroup = 608892941D24E9BE0096132B;
			productRefGroup = 6088929E1D24E9BE0096132B /* Products */;
			projectDirPath = "";
			projectRoot = "";
			targets = (
				6088929C1D24E9BE0096132B /* JRAlertView */,
				608892B51D24E9BF0096132B /* JRAlertViewTests */,
				608892C01D24E9BF0096132B /* JRAlertViewUITests */,
			);
		};
/* End PBXProject section */

/* Begin PBXResourcesBuildPhase section */
		6088929B1D24E9BE0096132B /* Resources */ = {
			isa = PBXResourcesBuildPhase;
			buildActionMask = 2147483647;
			files = (
				608892B01D24E9BF0096132B /* LaunchScreen.storyboard in Resources */,
				608892AD1D24E9BF0096132B /* Assets.xcassets in Resources */,
				608892AB1D24E9BF0096132B /* Main.storyboard in Resources */,
			);
			runOnlyForDeploymentPostprocessing = 0;
		};
		608892B41D24E9BF0096132B /* Resources */ = {
			isa = PBXResourcesBuildPhase;
			buildActionMask = 2147483647;
			files = (
			);
			runOnlyForDeploymentPostprocessing = 0;
		};
		608892BF1D24E9BF0096132B /* Resources */ = {
			isa = PBXResourcesBuildPhase;
			buildActionMask = 2147483647;
			files = (
			);
			runOnlyForDeploymentPostprocessing = 0;
		};
/* End PBXResourcesBuildPhase section */

/* Begin PBXSourcesBuildPhase section */
		608892991D24E9BE0096132B /* Sources */ = {
			isa = PBXSourcesBuildPhase;
			buildActionMask = 2147483647;
			files = (
				608892A81D24E9BF0096132B /* ViewController.m in Sources */,
				608892A51D24E9BF0096132B /* AppDelegate.m in Sources */,
				608892D61D24EA550096132B /* UIAlertView+JRBlockWork.m in Sources */,
				608892A21D24E9BF0096132B /* main.m in Sources */,
			);
			runOnlyForDeploymentPostprocessing = 0;
		};
		608892B21D24E9BF0096132B /* Sources */ = {
			isa = PBXSourcesBuildPhase;
			buildActionMask = 2147483647;
			files = (
				608892BB1D24E9BF0096132B /* JRAlertViewTests.m in Sources */,
			);
			runOnlyForDeploymentPostprocessing = 0;
		};
		608892BD1D24E9BF0096132B /* Sources */ = {
			isa = PBXSourcesBuildPhase;
			buildActionMask = 2147483647;
			files = (
				608892C61D24E9BF0096132B /* JRAlertViewUITests.m in Sources */,
			);
			runOnlyForDeploymentPostprocessing = 0;
		};
/* End PBXSourcesBuildPhase section */

/* Begin PBXTargetDependency section */
		608892B81D24E9BF0096132B /* PBXTargetDependency */ = {
			isa = PBXTargetDependency;
			target = 6088929C1D24E9BE0096132B /* JRAlertView */;
			targetProxy = 608892B71D24E9BF0096132B /* PBXContainerItemProxy */;
		};
		608892C31D24E9BF0096132B /* PBXTargetDependency */ = {
			isa = PBXTargetDependency;
			target = 6088929C1D24E9BE0096132B /* JRAlertView */;
			targetProxy = 608892C21D24E9BF0096132B /* PBXContainerItemProxy */;
		};
/* End PBXTargetDependency section */

/* Begin PBXVariantGroup section */
		608892A91D24E9BF0096132B /* Main.storyboard */ = {
			isa = PBXVariantGroup;
			children = (
				608892AA1D24E9BF0096132B /* Base */,
			);
			name = Main.storyboard;
			sourceTree = "<group>";
		};
		608892AE1D24E9BF0096132B /* LaunchScreen.storyboard */ = {
			isa = PBXVariantGroup;
			children = (
				608892AF1D24E9BF0096132B /* Base */,
			);
			name = LaunchScreen.storyboard;
			sourceTree = "<group>";
		};
/* End PBXVariantGroup section */

/* Begin XCBuildConfiguration section */
		608892C81D24E9BF0096132B /* Debug */ = {
			isa = XCBuildConfiguration;
			buildSettings = {
				ALWAYS_SEARCH_USER_PATHS = NO;
				CLANG_ANALYZER_NONNULL = YES;
				CLANG_CXX_LANGUAGE_STANDARD = "gnu++0x";
				CLANG_CXX_LIBRARY = "libc++";
				CLANG_ENABLE_MODULES = YES;
				CLANG_ENABLE_OBJC_ARC = YES;
				CLANG_WARN_BOOL_CONVERSION = YES;
				CLANG_WARN_CONSTANT_CONVERSION = YES;
				CLANG_WARN_DIRECT_OBJC_ISA_USAGE = YES_ERROR;
				CLANG_WARN_EMPTY_BODY = YES;
				CLANG_WARN_ENUM_CONVERSION = YES;
				CLANG_WARN_INT_CONVERSION = YES;
				CLANG_WARN_OBJC_ROOT_CLASS = YES_ERROR;
				CLANG_WARN_UNREACHABLE_CODE = YES;
				CLANG_WARN__DUPLICATE_METHOD_MATCH = YES;
				"CODE_SIGN_IDENTITY[sdk=iphoneos*]" = "iPhone Developer";
				COPY_PHASE_STRIP = NO;
				DEBUG_INFORMATION_FORMAT = dwarf;
				ENABLE_STRICT_OBJC_MSGSEND = YES;
				ENABLE_TESTABILITY = YES;
				GCC_C_LANGUAGE_STANDARD = gnu99;
				GCC_DYNAMIC_NO_PIC = NO;
				GCC_NO_COMMON_BLOCKS = YES;
				GCC_OPTIMIZATION_LEVEL = 0;
				GCC_PREPROCESSOR_DEFINITIONS = (
					"DEBUG=1",
					"$(inherited)",
				);
				GCC_WARN_64_TO_32_BIT_CONVERSION = YES;
				GCC_WARN_ABOUT_RETURN_TYPE = YES_ERROR;
				GCC_WARN_UNDECLARED_SELECTOR = YES;
				GCC_WARN_UNINITIALIZED_AUTOS = YES_AGGRESSIVE;
				GCC_WARN_UNUSED_FUNCTION = YES;
				GCC_WARN_UNUSED_VARIABLE = YES;
				IPHONEOS_DEPLOYMENT_TARGET = 9.3;
				MTL_ENABLE_DEBUG_INFO = YES;
				ONLY_ACTIVE_ARCH = YES;
				SDKROOT = iphoneos;
				TARGETED_DEVICE_FAMILY = "1,2";
			};
			name = Debug;
		};
		608892C91D24E9BF0096132B /* Release */ = {
			isa = XCBuildConfiguration;
			buildSettings = {
				ALWAYS_SEARCH_USER_PATHS = NO;
				CLANG_ANALYZER_NONNULL = YES;
				CLANG_CXX_LANGUAGE_STANDARD = "gnu++0x";
				CLANG_CXX_LIBRARY = "libc++";
				CLANG_ENABLE_MODULES = YES;
				CLANG_ENABLE_OBJC_ARC = YES;
				CLANG_WARN_BOOL_CONVERSION = YES;
				CLANG_WARN_CONSTANT_CONVERSION = YES;
				CLANG_WARN_DIRECT_OBJC_ISA_USAGE = YES_ERROR;
				CLANG_WARN_EMPTY_BODY = YES;
				CLANG_WARN_ENUM_CONVERSION = YES;
				CLANG_WARN_INT_CONVERSION = YES;
				CLANG_WARN_OBJC_ROOT_CLASS = YES_ERROR;
				CLANG_WARN_UNREACHABLE_CODE = YES;
				CLANG_WARN__DUPLICATE_METHOD_MATCH = YES;
				"CODE_SIGN_IDENTITY[sdk=iphoneos*]" = "iPhone Developer";
				COPY_PHASE_STRIP = NO;
				DEBUG_INFORMATION_FORMAT = "dwarf-with-dsym";
				ENABLE_NS_ASSERTIONS = NO;
				ENABLE_STRICT_OBJC_MSGSEND = YES;
				GCC_C_LANGUAGE_STANDARD = gnu99;
				GCC_NO_COMMON_BLOCKS = YES;
				GCC_WARN_64_TO_32_BIT_CONVERSION = YES;
				GCC_WARN_ABOUT_RETURN_TYPE = YES_ERROR;
				GCC_WARN_UNDECLARED_SELECTOR = YES;
				GCC_WARN_UNINITIALIZED_AUTOS = YES_AGGRESSIVE;
				GCC_WARN_UNUSED_FUNCTION = YES;
				GCC_WARN_UNUSED_VARIABLE = YES;
				IPHONEOS_DEPLOYMENT_TARGET = 9.3;
				MTL_ENABLE_DEBUG_INFO = NO;
				SDKROOT = iphoneos;
				TARGETED_DEVICE_FAMILY = "1,2";
				VALIDATE_PRODUCT = YES;
			};
			name = Release;
		};
		608892CB1D24E9BF0096132B /* Debug */ = {
			isa = XCBuildConfiguration;
			buildSettings = {
				ASSETCATALOG_COMPILER_APPICON_NAME = AppIcon;
				INFOPLIST_FILE = JRAlertView/Info.plist;
				IPHONEOS_DEPLOYMENT_TARGET = 7.0;
				LD_RUNPATH_SEARCH_PATHS = "$(inherited) @executable_path/Frameworks";
				PRODUCT_BUNDLE_IDENTIFIER = com.caijunrong.JRAlertView;
				PRODUCT_NAME = "$(TARGET_NAME)";
			};
			name = Debug;
		};
		608892CC1D24E9BF0096132B /* Release */ = {
			isa = XCBuildConfiguration;
			buildSettings = {
				ASSETCATALOG_COMPILER_APPICON_NAME = AppIcon;
				INFOPLIST_FILE = JRAlertView/Info.plist;
				IPHONEOS_DEPLOYMENT_TARGET = 7.0;
				LD_RUNPATH_SEARCH_PATHS = "$(inherited) @executable_path/Frameworks";
				PRODUCT_BUNDLE_IDENTIFIER = com.caijunrong.JRAlertView;
				PRODUCT_NAME = "$(TARGET_NAME)";
			};
			name = Release;
		};
		608892CE1D24E9BF0096132B /* Debug */ = {
			isa = XCBuildConfiguration;
			buildSettings = {
				BUNDLE_LOADER = "$(TEST_HOST)";
				INFOPLIST_FILE = JRAlertViewTests/Info.plist;
				LD_RUNPATH_SEARCH_PATHS = "$(inherited) @executable_path/Frameworks @loader_path/Frameworks";
				PRODUCT_BUNDLE_IDENTIFIER = com.caijunrong.JRAlertViewTests;
				PRODUCT_NAME = "$(TARGET_NAME)";
				TEST_HOST = "$(BUILT_PRODUCTS_DIR)/JRAlertView.app/JRAlertView";
			};
			name = Debug;
		};
		608892CF1D24E9BF0096132B /* Release */ = {
			isa = XCBuildConfiguration;
			buildSettings = {
				BUNDLE_LOADER = "$(TEST_HOST)";
				INFOPLIST_FILE = JRAlertViewTests/Info.plist;
				LD_RUNPATH_SEARCH_PATHS = "$(inherited) @executable_path/Frameworks @loader_path/Frameworks";
				PRODUCT_BUNDLE_IDENTIFIER = com.caijunrong.JRAlertViewTests;
				PRODUCT_NAME = "$(TARGET_NAME)";
				TEST_HOST = "$(BUILT_PRODUCTS_DIR)/JRAlertView.app/JRAlertView";
			};
			name = Release;
		};
		608892D11D24E9BF0096132B /* Debug */ = {
			isa = XCBuildConfiguration;
			buildSettings = {
				INFOPLIST_FILE = JRAlertViewUITests/Info.plist;
				LD_RUNPATH_SEARCH_PATHS = "$(inherited) @executable_path/Frameworks @loader_path/Frameworks";
				PRODUCT_BUNDLE_IDENTIFIER = com.caijunrong.JRAlertViewUITests;
				PRODUCT_NAME = "$(TARGET_NAME)";
				TEST_TARGET_NAME = JRAlertView;
			};
			name = Debug;
		};
		608892D21D24E9BF0096132B /* Release */ = {
			isa = XCBuildConfiguration;
			buildSettings = {
				INFOPLIST_FILE = JRAlertViewUITests/Info.plist;
				LD_RUNPATH_SEARCH_PATHS = "$(inherited) @executable_path/Frameworks @loader_path/Frameworks";
				PRODUCT_BUNDLE_IDENTIFIER = com.caijunrong.JRAlertViewUITests;
				PRODUCT_NAME = "$(TARGET_NAME)";
				TEST_TARGET_NAME = JRAlertView;
			};
			name = Release;
		};
/* End XCBuildConfiguration section */

/* Begin XCConfigurationList section */
		608892981D24E9BE0096132B /* Build configuration list for PBXProject "JRAlertView" */ = {
			isa = XCConfigurationList;
			buildConfigurations = (
				608892C81D24E9BF0096132B /* Debug */,
				608892C91D24E9BF0096132B /* Release */,
			);
			defaultConfigurationIsVisible = 0;
			defaultConfigurationName = Release;
		};
		608892CA1D24E9BF0096132B /* Build configuration list for PBXNativeTarget "JRAlertView" */ = {
			isa = XCConfigurationList;
			buildConfigurations = (
				608892CB1D24E9BF0096132B /* Debug */,
				608892CC1D24E9BF0096132B /* Release */,
			);
			defaultConfigurationIsVisible = 0;
		};
		608892CD1D24E9BF0096132B /* Build configuration list for PBXNativeTarget "JRAlertViewTests" */ = {
			isa = XCConfigurationList;
			buildConfigurations = (
				608892CE1D24E9BF0096132B /* Debug */,
				608892CF1D24E9BF0096132B /* Release */,
			);
			defaultConfigurationIsVisible = 0;
		};
		608892D01D24E9BF0096132B /* Build configuration list for PBXNativeTarget "JRAlertViewUITests" */ = {
			isa = XCConfigurationList;
			buildConfigurations = (
				608892D11D24E9BF0096132B /* Debug */,
				608892D21D24E9BF0096132B /* Release */,
			);
			defaultConfigurationIsVisible = 0;
		};
/* End XCConfigurationList section */
	};
	rootObject = 608892951D24E9BE0096132B /* Project object */;
}
